
Microsoft Visual Studio Solution File, Format Version 12.00
# Visual Studio Version 17
VisualStudioVersion = 17.9.34728.123
MinimumVisualStudioVersion = 10.0.40219.1
Project("{FAE04EC0-301F-11D3-BF4B-00C04F79EFBC}") = "webapp", "webapp\webapp.csproj", "{689ABB18-6C79-46D2-B6EC-B888D0AA39B5}"
EndProject
Global
	GlobalSection(SolutionConfigurationPlatforms) = preSolution
		Debug|Any CPU = Debug|Any CPU
		Release|Any CPU = Release|Any CPU
	EndGlobalSection
	GlobalSection(ProjectConfigurationPlatforms) = postSolution
		{689ABB18-6C79-46D2-B6EC-B888D0AA39B5}.Debug|Any CPU.ActiveCfg = Debug|Any CPU
		{689ABB18-6C79-46D2-B6EC-B888D0AA39B5}.Debug|Any CPU.Build.0 = Debug|Any CPU
		{689ABB18-6C79-46D2-B6EC-B888D0AA39B5}.Release|Any CPU.ActiveCfg = Release|Any CPU
		{689ABB18-6C79-46D2-B6EC-B888D0AA39B5}.Release|Any CPU.Build.0 = Release|Any CPU
	EndGlobalSection
	GlobalSection(SolutionProperties) = preSolution
		HideSolutionNode = FALSE
	EndGlobalSection
	GlobalSection(ExtensibilityGlobals) = postSolution
		SolutionGuid = {7E16DAAB-465F-4E3C-8FEC-6463D532FC75}
	EndGlobalSection
EndGlobal
